// !$*UTF8*$!
{
	archiveVersion = 1;
	classes = {
	};
	objectVersion = 55;
	objects = {

/* Begin PBXBuildFile section */
		79470A162752F1D0006D4E9E /* AccessDetails.swift in Sources */ = {isa = PBXBuildFile; fileRef = 79470A152752F1D0006D4E9E /* AccessDetails.swift */; };
		79470A1B2752F6F8006D4E9E /* URLRequest.swift in Sources */ = {isa = PBXBuildFile; fileRef = 79470A1A2752F6F8006D4E9E /* URLRequest.swift */; };
		79470A1D2752F70A006D4E9E /* URLSession.swift in Sources */ = {isa = PBXBuildFile; fileRef = 79470A1C2752F70A006D4E9E /* URLSession.swift */; };
		79470A1F2752F72A006D4E9E /* Optional+String.swift in Sources */ = {isa = PBXBuildFile; fileRef = 79470A1E2752F72A006D4E9E /* Optional+String.swift */; };
		79470A21275386B8006D4E9E /* APICalls.swift in Sources */ = {isa = PBXBuildFile; fileRef = 79470A20275386B8006D4E9E /* APICalls.swift */; };
		79470A2427538777006D4E9E /* GBAccessTokenResponse.swift in Sources */ = {isa = PBXBuildFile; fileRef = 79470A2327538777006D4E9E /* GBAccessTokenResponse.swift */; };
		79470A282753897A006D4E9E /* GBServiceProtocols.swift in Sources */ = {isa = PBXBuildFile; fileRef = 79470A272753897A006D4E9E /* GBServiceProtocols.swift */; };
		79470A2C2753AE1C006D4E9E /* GBAuthorizationService.swift in Sources */ = {isa = PBXBuildFile; fileRef = 79470A2B2753AE1C006D4E9E /* GBAuthorizationService.swift */; };
		79470A2E2753AE2D006D4E9E /* GBServiceContext.swift in Sources */ = {isa = PBXBuildFile; fileRef = 79470A2D2753AE2D006D4E9E /* GBServiceContext.swift */; };
		79470A3027540396006D4E9E /* JWTDecoder.swift in Sources */ = {isa = PBXBuildFile; fileRef = 79470A2F27540396006D4E9E /* JWTDecoder.swift */; };
		79470A32275410D6006D4E9E /* GBEndpointResponse.swift in Sources */ = {isa = PBXBuildFile; fileRef = 79470A31275410D6006D4E9E /* GBEndpointResponse.swift */; };
		795498FC27932EEE00160913 /* MainTabView.swift in Sources */ = {isa = PBXBuildFile; fileRef = 795498FB27932EEE00160913 /* MainTabView.swift */; };
		795498FE279334D400160913 /* Const+LocalizedKeys.swift in Sources */ = {isa = PBXBuildFile; fileRef = 795498FD279334D400160913 /* Const+LocalizedKeys.swift */; };
		79549901279C6ECE00160913 /* AddEntryView.swift in Sources */ = {isa = PBXBuildFile; fileRef = 79549900279C6ECE00160913 /* AddEntryView.swift */; };
		79549903279C71FD00160913 /* SubjectModel.swift in Sources */ = {isa = PBXBuildFile; fileRef = 79549902279C71FD00160913 /* SubjectModel.swift */; };
		79549905279C72F600160913 /* CategoryModel.swift in Sources */ = {isa = PBXBuildFile; fileRef = 79549904279C72F600160913 /* CategoryModel.swift */; };
		795499BD279D8A0D00160913 /* EntryCategory+CoreDataClass.swift in Sources */ = {isa = PBXBuildFile; fileRef = 795499BB279D8A0D00160913 /* EntryCategory+CoreDataClass.swift */; };
		795499BE279D8A0D00160913 /* EntryCategory+CoreDataProperties.swift in Sources */ = {isa = PBXBuildFile; fileRef = 795499BC279D8A0D00160913 /* EntryCategory+CoreDataProperties.swift */; };
		795499C1279DBAD000160913 /* CategoryView.swift in Sources */ = {isa = PBXBuildFile; fileRef = 795499C0279DBAD000160913 /* CategoryView.swift */; };
		795499C7279DD61100160913 /* Subject+CoreDataClass.swift in Sources */ = {isa = PBXBuildFile; fileRef = 795499C3279DD61100160913 /* Subject+CoreDataClass.swift */; };
		795499C8279DD61100160913 /* Subject+CoreDataProperties.swift in Sources */ = {isa = PBXBuildFile; fileRef = 795499C4279DD61100160913 /* Subject+CoreDataProperties.swift */; };
		795499C9279DD61100160913 /* SubjectType+CoreDataClass.swift in Sources */ = {isa = PBXBuildFile; fileRef = 795499C5279DD61100160913 /* SubjectType+CoreDataClass.swift */; };
		795499CA279DD61100160913 /* SubjectType+CoreDataProperties.swift in Sources */ = {isa = PBXBuildFile; fileRef = 795499C6279DD61100160913 /* SubjectType+CoreDataProperties.swift */; };
		795499CC279F2E1700160913 /* FetchRequest+byId.swift in Sources */ = {isa = PBXBuildFile; fileRef = 795499CB279F2E1700160913 /* FetchRequest+byId.swift */; };
		79724D0E277E83160009C72C /* GBService.swift in Sources */ = {isa = PBXBuildFile; fileRef = 79724D0D277E83160009C72C /* GBService.swift */; };
		79724D102780CC840009C72C /* Double+negative.swift in Sources */ = {isa = PBXBuildFile; fileRef = 79724D0F2780CC840009C72C /* Double+negative.swift */; };
		79724D162780CDA90009C72C /* Double+currencyString.swift in Sources */ = {isa = PBXBuildFile; fileRef = 79724D152780CDA90009C72C /* Double+currencyString.swift */; };
		79724D1B27811E6E0009C72C /* Calendar+weeks and months.swift in Sources */ = {isa = PBXBuildFile; fileRef = 79724D1A27811E6E0009C72C /* Calendar+weeks and months.swift */; };
		79724D1F278121D20009C72C /* WeeklyView.swift in Sources */ = {isa = PBXBuildFile; fileRef = 79724D1E278121D20009C72C /* WeeklyView.swift */; };
		79724D212781226A0009C72C /* MonthlyView.swift in Sources */ = {isa = PBXBuildFile; fileRef = 79724D202781226A0009C72C /* MonthlyView.swift */; };
		797E9BCD2752F0E8005B4C75 /* Constants.swift in Sources */ = {isa = PBXBuildFile; fileRef = 797E9BCC2752F0E8005B4C75 /* Constants.swift */; };
		799398392781A4920075CC04 /* AccountEntryCell.swift in Sources */ = {isa = PBXBuildFile; fileRef = 799398382781A4920075CC04 /* AccountEntryCell.swift */; };
		7993983D2781A7470075CC04 /* Subject.swift in Sources */ = {isa = PBXBuildFile; fileRef = 7993983C2781A7470075CC04 /* Subject.swift */; };
		7993983F2781A7850075CC04 /* Recurrence.swift in Sources */ = {isa = PBXBuildFile; fileRef = 7993983E2781A7850075CC04 /* Recurrence.swift */; };
		79A26D062787577E001F3E75 /* Localizable.strings in Resources */ = {isa = PBXBuildFile; fileRef = 79A26D082787577E001F3E75 /* Localizable.strings */; };
		79A26D0B27875865001F3E75 /* Localized.swift in Sources */ = {isa = PBXBuildFile; fileRef = 79A26D0A27875865001F3E75 /* Localized.swift */; };
		79E60CE8271B2DBB0064DD2F /* Gestione_ContabileApp.swift in Sources */ = {isa = PBXBuildFile; fileRef = 79E60CE7271B2DBB0064DD2F /* Gestione_ContabileApp.swift */; };
		79E60CEC271B2DBE0064DD2F /* Assets.xcassets in Resources */ = {isa = PBXBuildFile; fileRef = 79E60CEB271B2DBE0064DD2F /* Assets.xcassets */; };
		79E60CEF271B2DBE0064DD2F /* Preview Assets.xcassets in Resources */ = {isa = PBXBuildFile; fileRef = 79E60CEE271B2DBE0064DD2F /* Preview Assets.xcassets */; };
		79E60CF1271B2DBE0064DD2F /* Persistence.swift in Sources */ = {isa = PBXBuildFile; fileRef = 79E60CF0271B2DBE0064DD2F /* Persistence.swift */; };
		79E60CF4271B2DBE0064DD2F /* Gestione_Contabile.xcdatamodeld in Sources */ = {isa = PBXBuildFile; fileRef = 79E60CF2271B2DBE0064DD2F /* Gestione_Contabile.xcdatamodeld */; };
		79E60CFE271B2DBE0064DD2F /* Gestione_ContabileTests.swift in Sources */ = {isa = PBXBuildFile; fileRef = 79E60CFD271B2DBE0064DD2F /* Gestione_ContabileTests.swift */; };
		79E60D08271B2DBE0064DD2F /* Gestione_ContabileUITests.swift in Sources */ = {isa = PBXBuildFile; fileRef = 79E60D07271B2DBE0064DD2F /* Gestione_ContabileUITests.swift */; };
		79E60D0A271B2DBE0064DD2F /* Gestione_ContabileUITestsLaunchTests.swift in Sources */ = {isa = PBXBuildFile; fileRef = 79E60D09271B2DBE0064DD2F /* Gestione_ContabileUITestsLaunchTests.swift */; };
		79E60D17271B31940064DD2F /* MainView.swift in Sources */ = {isa = PBXBuildFile; fileRef = 79E60D16271B31940064DD2F /* MainView.swift */; };
		79E60D23271B84240064DD2F /* MainViewModel.swift in Sources */ = {isa = PBXBuildFile; fileRef = 79E60D22271B84240064DD2F /* MainViewModel.swift */; };
		79E60D25271B86790064DD2F /* Account Entry.swift in Sources */ = {isa = PBXBuildFile; fileRef = 79E60D24271B86790064DD2F /* Account Entry.swift */; };
		79E60D34271C71B00064DD2F /* GiobbyAuthorizationServiceTests.swift in Sources */ = {isa = PBXBuildFile; fileRef = 79E60D33271C71B00064DD2F /* GiobbyAuthorizationServiceTests.swift */; };
/* End PBXBuildFile section */

/* Begin PBXContainerItemProxy section */
		79E60CFA271B2DBE0064DD2F /* PBXContainerItemProxy */ = {
			isa = PBXContainerItemProxy;
			containerPortal = 79E60CDC271B2DBB0064DD2F /* Project object */;
			proxyType = 1;
			remoteGlobalIDString = 79E60CE3271B2DBB0064DD2F;
			remoteInfo = "Gestione Contabile";
		};
		79E60D04271B2DBE0064DD2F /* PBXContainerItemProxy */ = {
			isa = PBXContainerItemProxy;
			containerPortal = 79E60CDC271B2DBB0064DD2F /* Project object */;
			proxyType = 1;
			remoteGlobalIDString = 79E60CE3271B2DBB0064DD2F;
			remoteInfo = "Gestione Contabile";
		};
/* End PBXContainerItemProxy section */

/* Begin PBXFileReference section */
		79470A152752F1D0006D4E9E /* AccessDetails.swift */ = {isa = PBXFileReference; lastKnownFileType = sourcecode.swift; path = AccessDetails.swift; sourceTree = "<group>"; };
		79470A1A2752F6F8006D4E9E /* URLRequest.swift */ = {isa = PBXFileReference; lastKnownFileType = sourcecode.swift; path = URLRequest.swift; sourceTree = "<group>"; };
		79470A1C2752F70A006D4E9E /* URLSession.swift */ = {isa = PBXFileReference; lastKnownFileType = sourcecode.swift; path = URLSession.swift; sourceTree = "<group>"; };
		79470A1E2752F72A006D4E9E /* Optional+String.swift */ = {isa = PBXFileReference; lastKnownFileType = sourcecode.swift; path = "Optional+String.swift"; sourceTree = "<group>"; };
		79470A20275386B8006D4E9E /* APICalls.swift */ = {isa = PBXFileReference; lastKnownFileType = sourcecode.swift; path = APICalls.swift; sourceTree = "<group>"; };
		79470A2327538777006D4E9E /* GBAccessTokenResponse.swift */ = {isa = PBXFileReference; lastKnownFileType = sourcecode.swift; path = GBAccessTokenResponse.swift; sourceTree = "<group>"; };
		79470A272753897A006D4E9E /* GBServiceProtocols.swift */ = {isa = PBXFileReference; lastKnownFileType = sourcecode.swift; path = GBServiceProtocols.swift; sourceTree = "<group>"; };
		79470A2B2753AE1C006D4E9E /* GBAuthorizationService.swift */ = {isa = PBXFileReference; lastKnownFileType = sourcecode.swift; path = GBAuthorizationService.swift; sourceTree = "<group>"; };
		79470A2D2753AE2D006D4E9E /* GBServiceContext.swift */ = {isa = PBXFileReference; lastKnownFileType = sourcecode.swift; path = GBServiceContext.swift; sourceTree = "<group>"; };
		79470A2F27540396006D4E9E /* JWTDecoder.swift */ = {isa = PBXFileReference; lastKnownFileType = sourcecode.swift; path = JWTDecoder.swift; sourceTree = "<group>"; };
		79470A31275410D6006D4E9E /* GBEndpointResponse.swift */ = {isa = PBXFileReference; lastKnownFileType = sourcecode.swift; path = GBEndpointResponse.swift; sourceTree = "<group>"; };
		795498FB27932EEE00160913 /* MainTabView.swift */ = {isa = PBXFileReference; lastKnownFileType = sourcecode.swift; path = MainTabView.swift; sourceTree = "<group>"; };
		795498FD279334D400160913 /* Const+LocalizedKeys.swift */ = {isa = PBXFileReference; lastKnownFileType = sourcecode.swift; path = "Const+LocalizedKeys.swift"; sourceTree = "<group>"; };
		79549900279C6ECE00160913 /* AddEntryView.swift */ = {isa = PBXFileReference; lastKnownFileType = sourcecode.swift; path = AddEntryView.swift; sourceTree = "<group>"; };
		79549902279C71FD00160913 /* SubjectModel.swift */ = {isa = PBXFileReference; lastKnownFileType = sourcecode.swift; path = SubjectModel.swift; sourceTree = "<group>"; };
		79549904279C72F600160913 /* CategoryModel.swift */ = {isa = PBXFileReference; lastKnownFileType = sourcecode.swift; path = CategoryModel.swift; sourceTree = "<group>"; };
		795499BB279D8A0D00160913 /* EntryCategory+CoreDataClass.swift */ = {isa = PBXFileReference; lastKnownFileType = sourcecode.swift; path = "EntryCategory+CoreDataClass.swift"; sourceTree = "<group>"; };
		795499BC279D8A0D00160913 /* EntryCategory+CoreDataProperties.swift */ = {isa = PBXFileReference; lastKnownFileType = sourcecode.swift; path = "EntryCategory+CoreDataProperties.swift"; sourceTree = "<group>"; };
		795499C0279DBAD000160913 /* CategoryView.swift */ = {isa = PBXFileReference; lastKnownFileType = sourcecode.swift; path = CategoryView.swift; sourceTree = "<group>"; };
		795499C3279DD61100160913 /* Subject+CoreDataClass.swift */ = {isa = PBXFileReference; lastKnownFileType = sourcecode.swift; path = "Subject+CoreDataClass.swift"; sourceTree = "<group>"; };
		795499C4279DD61100160913 /* Subject+CoreDataProperties.swift */ = {isa = PBXFileReference; lastKnownFileType = sourcecode.swift; path = "Subject+CoreDataProperties.swift"; sourceTree = "<group>"; };
		795499C5279DD61100160913 /* SubjectType+CoreDataClass.swift */ = {isa = PBXFileReference; lastKnownFileType = sourcecode.swift; path = "SubjectType+CoreDataClass.swift"; sourceTree = "<group>"; };
		795499C6279DD61100160913 /* SubjectType+CoreDataProperties.swift */ = {isa = PBXFileReference; lastKnownFileType = sourcecode.swift; path = "SubjectType+CoreDataProperties.swift"; sourceTree = "<group>"; };
		795499CB279F2E1700160913 /* FetchRequest+byId.swift */ = {isa = PBXFileReference; lastKnownFileType = sourcecode.swift; path = "FetchRequest+byId.swift"; sourceTree = "<group>"; };
		79724D0D277E83160009C72C /* GBService.swift */ = {isa = PBXFileReference; lastKnownFileType = sourcecode.swift; path = GBService.swift; sourceTree = "<group>"; };
		79724D0F2780CC840009C72C /* Double+negative.swift */ = {isa = PBXFileReference; lastKnownFileType = sourcecode.swift; path = "Double+negative.swift"; sourceTree = "<group>"; };
		79724D152780CDA90009C72C /* Double+currencyString.swift */ = {isa = PBXFileReference; lastKnownFileType = sourcecode.swift; path = "Double+currencyString.swift"; sourceTree = "<group>"; };
		79724D1A27811E6E0009C72C /* Calendar+weeks and months.swift */ = {isa = PBXFileReference; lastKnownFileType = sourcecode.swift; path = "Calendar+weeks and months.swift"; sourceTree = "<group>"; };
		79724D1E278121D20009C72C /* WeeklyView.swift */ = {isa = PBXFileReference; lastKnownFileType = sourcecode.swift; path = WeeklyView.swift; sourceTree = "<group>"; };
		79724D202781226A0009C72C /* MonthlyView.swift */ = {isa = PBXFileReference; lastKnownFileType = sourcecode.swift; path = MonthlyView.swift; sourceTree = "<group>"; };
		797E9BCC2752F0E8005B4C75 /* Constants.swift */ = {isa = PBXFileReference; lastKnownFileType = sourcecode.swift; path = Constants.swift; sourceTree = "<group>"; };
		799398382781A4920075CC04 /* AccountEntryCell.swift */ = {isa = PBXFileReference; lastKnownFileType = sourcecode.swift; path = AccountEntryCell.swift; sourceTree = "<group>"; };
		7993983C2781A7470075CC04 /* Subject.swift */ = {isa = PBXFileReference; lastKnownFileType = sourcecode.swift; path = Subject.swift; sourceTree = "<group>"; };
		7993983E2781A7850075CC04 /* Recurrence.swift */ = {isa = PBXFileReference; lastKnownFileType = sourcecode.swift; path = Recurrence.swift; sourceTree = "<group>"; };
		79A26D072787577E001F3E75 /* en */ = {isa = PBXFileReference; lastKnownFileType = text.plist.strings; name = en; path = en.lproj/Localizable.strings; sourceTree = "<group>"; };
		79A26D0A27875865001F3E75 /* Localized.swift */ = {isa = PBXFileReference; lastKnownFileType = sourcecode.swift; path = Localized.swift; sourceTree = "<group>"; };
		79E60CE4271B2DBB0064DD2F /* Gestione Contabile.app */ = {isa = PBXFileReference; explicitFileType = wrapper.application; includeInIndex = 0; path = "Gestione Contabile.app"; sourceTree = BUILT_PRODUCTS_DIR; };
		79E60CE7271B2DBB0064DD2F /* Gestione_ContabileApp.swift */ = {isa = PBXFileReference; lastKnownFileType = sourcecode.swift; path = Gestione_ContabileApp.swift; sourceTree = "<group>"; };
		79E60CEB271B2DBE0064DD2F /* Assets.xcassets */ = {isa = PBXFileReference; lastKnownFileType = folder.assetcatalog; path = Assets.xcassets; sourceTree = "<group>"; };
		79E60CEE271B2DBE0064DD2F /* Preview Assets.xcassets */ = {isa = PBXFileReference; lastKnownFileType = folder.assetcatalog; path = "Preview Assets.xcassets"; sourceTree = "<group>"; };
		79E60CF0271B2DBE0064DD2F /* Persistence.swift */ = {isa = PBXFileReference; lastKnownFileType = sourcecode.swift; path = Persistence.swift; sourceTree = "<group>"; };
		79E60CF3271B2DBE0064DD2F /* Gestione_Contabile.xcdatamodel */ = {isa = PBXFileReference; lastKnownFileType = wrapper.xcdatamodel; path = Gestione_Contabile.xcdatamodel; sourceTree = "<group>"; };
		79E60CF9271B2DBE0064DD2F /* Gestione ContabileTests.xctest */ = {isa = PBXFileReference; explicitFileType = wrapper.cfbundle; includeInIndex = 0; path = "Gestione ContabileTests.xctest"; sourceTree = BUILT_PRODUCTS_DIR; };
		79E60CFD271B2DBE0064DD2F /* Gestione_ContabileTests.swift */ = {isa = PBXFileReference; lastKnownFileType = sourcecode.swift; path = Gestione_ContabileTests.swift; sourceTree = "<group>"; };
		79E60D03271B2DBE0064DD2F /* Gestione ContabileUITests.xctest */ = {isa = PBXFileReference; explicitFileType = wrapper.cfbundle; includeInIndex = 0; path = "Gestione ContabileUITests.xctest"; sourceTree = BUILT_PRODUCTS_DIR; };
		79E60D07271B2DBE0064DD2F /* Gestione_ContabileUITests.swift */ = {isa = PBXFileReference; lastKnownFileType = sourcecode.swift; path = Gestione_ContabileUITests.swift; sourceTree = "<group>"; };
		79E60D09271B2DBE0064DD2F /* Gestione_ContabileUITestsLaunchTests.swift */ = {isa = PBXFileReference; lastKnownFileType = sourcecode.swift; path = Gestione_ContabileUITestsLaunchTests.swift; sourceTree = "<group>"; };
		79E60D16271B31940064DD2F /* MainView.swift */ = {isa = PBXFileReference; lastKnownFileType = sourcecode.swift; path = MainView.swift; sourceTree = "<group>"; };
		79E60D22271B84240064DD2F /* MainViewModel.swift */ = {isa = PBXFileReference; lastKnownFileType = sourcecode.swift; path = MainViewModel.swift; sourceTree = "<group>"; };
		79E60D24271B86790064DD2F /* Account Entry.swift */ = {isa = PBXFileReference; lastKnownFileType = sourcecode.swift; path = "Account Entry.swift"; sourceTree = "<group>"; };
		79E60D33271C71B00064DD2F /* GiobbyAuthorizationServiceTests.swift */ = {isa = PBXFileReference; lastKnownFileType = sourcecode.swift; path = GiobbyAuthorizationServiceTests.swift; sourceTree = "<group>"; };
/* End PBXFileReference section */

/* Begin PBXFrameworksBuildPhase section */
		79E60CE1271B2DBB0064DD2F /* Frameworks */ = {
			isa = PBXFrameworksBuildPhase;
			buildActionMask = 2147483647;
			files = (
			);
			runOnlyForDeploymentPostprocessing = 0;
		};
		79E60CF6271B2DBE0064DD2F /* Frameworks */ = {
			isa = PBXFrameworksBuildPhase;
			buildActionMask = 2147483647;
			files = (
			);
			runOnlyForDeploymentPostprocessing = 0;
		};
		79E60D00271B2DBE0064DD2F /* Frameworks */ = {
			isa = PBXFrameworksBuildPhase;
			buildActionMask = 2147483647;
			files = (
			);
			runOnlyForDeploymentPostprocessing = 0;
		};
/* End PBXFrameworksBuildPhase section */

/* Begin PBXGroup section */
		79470A132752F13C006D4E9E /* Constants */ = {
			isa = PBXGroup;
			children = (
				79470A152752F1D0006D4E9E /* AccessDetails.swift */,
				79470A20275386B8006D4E9E /* APICalls.swift */,
			);
			path = Constants;
			sourceTree = "<group>";
		};
		79470A142752F14F006D4E9E /* GiobbyAPI */ = {
			isa = PBXGroup;
			children = (
				79470A2227538737006D4E9E /* Models */,
				79470A252753889C006D4E9E /* Protocols */,
				79470A26275388A3006D4E9E /* Services */,
				79470A172752F60C006D4E9E /* Helpers */,
			);
			path = GiobbyAPI;
			sourceTree = "<group>";
		};
		79470A172752F60C006D4E9E /* Helpers */ = {
			isa = PBXGroup;
			children = (
				79470A182752F616006D4E9E /* Utils */,
				79470A132752F13C006D4E9E /* Constants */,
			);
			path = Helpers;
			sourceTree = "<group>";
		};
		79470A182752F616006D4E9E /* Utils */ = {
			isa = PBXGroup;
			children = (
				79470A192752F61D006D4E9E /* Extensions */,
				79470A2F27540396006D4E9E /* JWTDecoder.swift */,
			);
			path = Utils;
			sourceTree = "<group>";
		};
		79470A192752F61D006D4E9E /* Extensions */ = {
			isa = PBXGroup;
			children = (
				79470A1A2752F6F8006D4E9E /* URLRequest.swift */,
				79470A1C2752F70A006D4E9E /* URLSession.swift */,
			);
			path = Extensions;
			sourceTree = "<group>";
		};
		79470A2227538737006D4E9E /* Models */ = {
			isa = PBXGroup;
			children = (
				79470A2327538777006D4E9E /* GBAccessTokenResponse.swift */,
				79470A31275410D6006D4E9E /* GBEndpointResponse.swift */,
			);
			path = Models;
			sourceTree = "<group>";
		};
		79470A252753889C006D4E9E /* Protocols */ = {
			isa = PBXGroup;
			children = (
				79470A272753897A006D4E9E /* GBServiceProtocols.swift */,
			);
			path = Protocols;
			sourceTree = "<group>";
		};
		79470A26275388A3006D4E9E /* Services */ = {
			isa = PBXGroup;
			children = (
				79470A2B2753AE1C006D4E9E /* GBAuthorizationService.swift */,
				79724D0D277E83160009C72C /* GBService.swift */,
				79470A2D2753AE2D006D4E9E /* GBServiceContext.swift */,
			);
			path = Services;
			sourceTree = "<group>";
		};
		795499BF279DB40400160913 /* Extensions */ = {
			isa = PBXGroup;
			children = (
				79470A1E2752F72A006D4E9E /* Optional+String.swift */,
				795499CB279F2E1700160913 /* FetchRequest+byId.swift */,
			);
			path = Extensions;
			sourceTree = "<group>";
		};
		795499C2279DC09300160913 /* Models */ = {
			isa = PBXGroup;
			children = (
				795499BB279D8A0D00160913 /* EntryCategory+CoreDataClass.swift */,
				795499BC279D8A0D00160913 /* EntryCategory+CoreDataProperties.swift */,
				795499C5279DD61100160913 /* SubjectType+CoreDataClass.swift */,
				795499C6279DD61100160913 /* SubjectType+CoreDataProperties.swift */,
				795499C3279DD61100160913 /* Subject+CoreDataClass.swift */,
				795499C4279DD61100160913 /* Subject+CoreDataProperties.swift */,
			);
			path = Models;
			sourceTree = "<group>";
		};
		79724D1927811E500009C72C /* Utils */ = {
			isa = PBXGroup;
			children = (
				795499BF279DB40400160913 /* Extensions */,
				79724D0F2780CC840009C72C /* Double+negative.swift */,
				79724D1A27811E6E0009C72C /* Calendar+weeks and months.swift */,
				79724D152780CDA90009C72C /* Double+currencyString.swift */,
			);
			path = Utils;
			sourceTree = "<group>";
		};
		797E9BBB2752EDD3005B4C75 /* Packages */ = {
			isa = PBXGroup;
			children = (
				79470A142752F14F006D4E9E /* GiobbyAPI */,
			);
			path = Packages;
			sourceTree = "<group>";
		};
		79E60CDB271B2DBB0064DD2F = {
			isa = PBXGroup;
			children = (
				79E60CE6271B2DBB0064DD2F /* Gestione Contabile */,
				79E60CFC271B2DBE0064DD2F /* Gestione ContabileTests */,
				79E60D06271B2DBE0064DD2F /* Gestione ContabileUITests */,
				79E60CE5271B2DBB0064DD2F /* Products */,
			);
			sourceTree = "<group>";
		};
		79E60CE5271B2DBB0064DD2F /* Products */ = {
			isa = PBXGroup;
			children = (
				79E60CE4271B2DBB0064DD2F /* Gestione Contabile.app */,
				79E60CF9271B2DBE0064DD2F /* Gestione ContabileTests.xctest */,
				79E60D03271B2DBE0064DD2F /* Gestione ContabileUITests.xctest */,
			);
			name = Products;
			sourceTree = "<group>";
		};
		79E60CE6271B2DBB0064DD2F /* Gestione Contabile */ = {
			isa = PBXGroup;
			children = (
				79E60CE7271B2DBB0064DD2F /* Gestione_ContabileApp.swift */,
				79E60D18271B837C0064DD2F /* Views */,
				79E60D19271B838A0064DD2F /* ViewModels */,
				79E60D1A271B83940064DD2F /* Models */,
				79E60D1B271B83A00064DD2F /* Services */,
				79E60D1D271B83BD0064DD2F /* Protocols */,
				79E60D1C271B83A90064DD2F /* Core Data */,
				79E60D26271B8D000064DD2F /* Helpers */,
				797E9BBB2752EDD3005B4C75 /* Packages */,
				79E60CEB271B2DBE0064DD2F /* Assets.xcassets */,
				79E60CF2271B2DBE0064DD2F /* Gestione_Contabile.xcdatamodeld */,
				79E60CED271B2DBE0064DD2F /* Preview Content */,
				79A26D082787577E001F3E75 /* Localizable.strings */,
			);
			path = "Gestione Contabile";
			sourceTree = "<group>";
		};
		79E60CED271B2DBE0064DD2F /* Preview Content */ = {
			isa = PBXGroup;
			children = (
				79E60CEE271B2DBE0064DD2F /* Preview Assets.xcassets */,
			);
			path = "Preview Content";
			sourceTree = "<group>";
		};
		79E60CFC271B2DBE0064DD2F /* Gestione ContabileTests */ = {
			isa = PBXGroup;
			children = (
				79E60CFD271B2DBE0064DD2F /* Gestione_ContabileTests.swift */,
				79E60D33271C71B00064DD2F /* GiobbyAuthorizationServiceTests.swift */,
			);
			path = "Gestione ContabileTests";
			sourceTree = "<group>";
		};
		79E60D06271B2DBE0064DD2F /* Gestione ContabileUITests */ = {
			isa = PBXGroup;
			children = (
				79E60D07271B2DBE0064DD2F /* Gestione_ContabileUITests.swift */,
				79E60D09271B2DBE0064DD2F /* Gestione_ContabileUITestsLaunchTests.swift */,
			);
			path = "Gestione ContabileUITests";
			sourceTree = "<group>";
		};
		79E60D18271B837C0064DD2F /* Views */ = {
			isa = PBXGroup;
			children = (
				795498FB27932EEE00160913 /* MainTabView.swift */,
				79E60D16271B31940064DD2F /* MainView.swift */,
				79724D202781226A0009C72C /* MonthlyView.swift */,
				799398382781A4920075CC04 /* AccountEntryCell.swift */,
				79724D1E278121D20009C72C /* WeeklyView.swift */,
				79549900279C6ECE00160913 /* AddEntryView.swift */,
				795499C0279DBAD000160913 /* CategoryView.swift */,
			);
			path = Views;
			sourceTree = "<group>";
		};
		79E60D19271B838A0064DD2F /* ViewModels */ = {
			isa = PBXGroup;
			children = (
				79E60D22271B84240064DD2F /* MainViewModel.swift */,
				79549904279C72F600160913 /* CategoryModel.swift */,
				79549902279C71FD00160913 /* SubjectModel.swift */,
			);
			path = ViewModels;
			sourceTree = "<group>";
		};
		79E60D1A271B83940064DD2F /* Models */ = {
			isa = PBXGroup;
			children = (
				7993983C2781A7470075CC04 /* Subject.swift */,
				7993983E2781A7850075CC04 /* Recurrence.swift */,
				79E60D24271B86790064DD2F /* Account Entry.swift */,
			);
			path = Models;
			sourceTree = "<group>";
		};
		79E60D1B271B83A00064DD2F /* Services */ = {
			isa = PBXGroup;
			children = (
			);
			path = Services;
			sourceTree = "<group>";
		};
		79E60D1C271B83A90064DD2F /* Core Data */ = {
			isa = PBXGroup;
			children = (
				795499C2279DC09300160913 /* Models */,
				79E60CF0271B2DBE0064DD2F /* Persistence.swift */,
			);
			path = "Core Data";
			sourceTree = "<group>";
		};
		79E60D1D271B83BD0064DD2F /* Protocols */ = {
			isa = PBXGroup;
			children = (
			);
			path = Protocols;
			sourceTree = "<group>";
		};
		79E60D26271B8D000064DD2F /* Helpers */ = {
			isa = PBXGroup;
			children = (
				79724D1927811E500009C72C /* Utils */,
				797E9BCC2752F0E8005B4C75 /* Constants.swift */,
				795498FD279334D400160913 /* Const+LocalizedKeys.swift */,
				79A26D0A27875865001F3E75 /* Localized.swift */,
			);
			path = Helpers;
			sourceTree = "<group>";
		};
/* End PBXGroup section */

/* Begin PBXNativeTarget section */
		79E60CE3271B2DBB0064DD2F /* Gestione Contabile */ = {
			isa = PBXNativeTarget;
			buildConfigurationList = 79E60D0D271B2DBE0064DD2F /* Build configuration list for PBXNativeTarget "Gestione Contabile" */;
			buildPhases = (
				79E60CE0271B2DBB0064DD2F /* Sources */,
				79E60CE1271B2DBB0064DD2F /* Frameworks */,
				79E60CE2271B2DBB0064DD2F /* Resources */,
			);
			buildRules = (
			);
			dependencies = (
			);
			name = "Gestione Contabile";
			packageProductDependencies = (
			);
			productName = "Gestione Contabile";
			productReference = 79E60CE4271B2DBB0064DD2F /* Gestione Contabile.app */;
			productType = "com.apple.product-type.application";
		};
		79E60CF8271B2DBE0064DD2F /* Gestione ContabileTests */ = {
			isa = PBXNativeTarget;
			buildConfigurationList = 79E60D10271B2DBE0064DD2F /* Build configuration list for PBXNativeTarget "Gestione ContabileTests" */;
			buildPhases = (
				79E60CF5271B2DBE0064DD2F /* Sources */,
				79E60CF6271B2DBE0064DD2F /* Frameworks */,
				79E60CF7271B2DBE0064DD2F /* Resources */,
			);
			buildRules = (
			);
			dependencies = (
				79E60CFB271B2DBE0064DD2F /* PBXTargetDependency */,
			);
			name = "Gestione ContabileTests";
			productName = "Gestione ContabileTests";
			productReference = 79E60CF9271B2DBE0064DD2F /* Gestione ContabileTests.xctest */;
			productType = "com.apple.product-type.bundle.unit-test";
		};
		79E60D02271B2DBE0064DD2F /* Gestione ContabileUITests */ = {
			isa = PBXNativeTarget;
			buildConfigurationList = 79E60D13271B2DBE0064DD2F /* Build configuration list for PBXNativeTarget "Gestione ContabileUITests" */;
			buildPhases = (
				79E60CFF271B2DBE0064DD2F /* Sources */,
				79E60D00271B2DBE0064DD2F /* Frameworks */,
				79E60D01271B2DBE0064DD2F /* Resources */,
			);
			buildRules = (
			);
			dependencies = (
				79E60D05271B2DBE0064DD2F /* PBXTargetDependency */,
			);
			name = "Gestione ContabileUITests";
			productName = "Gestione ContabileUITests";
			productReference = 79E60D03271B2DBE0064DD2F /* Gestione ContabileUITests.xctest */;
			productType = "com.apple.product-type.bundle.ui-testing";
		};
/* End PBXNativeTarget section */

/* Begin PBXProject section */
		79E60CDC271B2DBB0064DD2F /* Project object */ = {
			isa = PBXProject;
			attributes = {
				BuildIndependentTargetsInParallel = 1;
				LastSwiftUpdateCheck = 1300;
				LastUpgradeCheck = 1300;
				TargetAttributes = {
					79E60CE3271B2DBB0064DD2F = {
						CreatedOnToolsVersion = 13.0;
					};
					79E60CF8271B2DBE0064DD2F = {
						CreatedOnToolsVersion = 13.0;
						TestTargetID = 79E60CE3271B2DBB0064DD2F;
					};
					79E60D02271B2DBE0064DD2F = {
						CreatedOnToolsVersion = 13.0;
						TestTargetID = 79E60CE3271B2DBB0064DD2F;
					};
				};
			};
			buildConfigurationList = 79E60CDF271B2DBB0064DD2F /* Build configuration list for PBXProject "Gestione Contabile" */;
			compatibilityVersion = "Xcode 13.0";
			developmentRegion = en;
			hasScannedForEncodings = 0;
			knownRegions = (
				en,
			);
			mainGroup = 79E60CDB271B2DBB0064DD2F;
			packageReferences = (
			);
			productRefGroup = 79E60CE5271B2DBB0064DD2F /* Products */;
			projectDirPath = "";
			projectRoot = "";
			targets = (
				79E60CE3271B2DBB0064DD2F /* Gestione Contabile */,
				79E60CF8271B2DBE0064DD2F /* Gestione ContabileTests */,
				79E60D02271B2DBE0064DD2F /* Gestione ContabileUITests */,
			);
		};
/* End PBXProject section */

/* Begin PBXResourcesBuildPhase section */
		79E60CE2271B2DBB0064DD2F /* Resources */ = {
			isa = PBXResourcesBuildPhase;
			buildActionMask = 2147483647;
			files = (
				79E60CEF271B2DBE0064DD2F /* Preview Assets.xcassets in Resources */,
				79A26D062787577E001F3E75 /* Localizable.strings in Resources */,
				79E60CEC271B2DBE0064DD2F /* Assets.xcassets in Resources */,
			);
			runOnlyForDeploymentPostprocessing = 0;
		};
		79E60CF7271B2DBE0064DD2F /* Resources */ = {
			isa = PBXResourcesBuildPhase;
			buildActionMask = 2147483647;
			files = (
			);
			runOnlyForDeploymentPostprocessing = 0;
		};
		79E60D01271B2DBE0064DD2F /* Resources */ = {
			isa = PBXResourcesBuildPhase;
			buildActionMask = 2147483647;
			files = (
			);
			runOnlyForDeploymentPostprocessing = 0;
		};
/* End PBXResourcesBuildPhase section */

/* Begin PBXSourcesBuildPhase section */
		79E60CE0271B2DBB0064DD2F /* Sources */ = {
			isa = PBXSourcesBuildPhase;
			buildActionMask = 2147483647;
			files = (
				79470A2E2753AE2D006D4E9E /* GBServiceContext.swift in Sources */,
				79724D1B27811E6E0009C72C /* Calendar+weeks and months.swift in Sources */,
				79549903279C71FD00160913 /* SubjectModel.swift in Sources */,
				79E60D23271B84240064DD2F /* MainViewModel.swift in Sources */,
				795499CA279DD61100160913 /* SubjectType+CoreDataProperties.swift in Sources */,
				79549901279C6ECE00160913 /* AddEntryView.swift in Sources */,
				79E60CF1271B2DBE0064DD2F /* Persistence.swift in Sources */,
				79724D0E277E83160009C72C /* GBService.swift in Sources */,
				79470A2C2753AE1C006D4E9E /* GBAuthorizationService.swift in Sources */,
				795499BE279D8A0D00160913 /* EntryCategory+CoreDataProperties.swift in Sources */,
				79724D102780CC840009C72C /* Double+negative.swift in Sources */,
				7993983D2781A7470075CC04 /* Subject.swift in Sources */,
				79470A282753897A006D4E9E /* GBServiceProtocols.swift in Sources */,
				79724D212781226A0009C72C /* MonthlyView.swift in Sources */,
				79470A21275386B8006D4E9E /* APICalls.swift in Sources */,
				79A26D0B27875865001F3E75 /* Localized.swift in Sources */,
				79470A1D2752F70A006D4E9E /* URLSession.swift in Sources */,
				79E60D17271B31940064DD2F /* MainView.swift in Sources */,
				79E60CF4271B2DBE0064DD2F /* Gestione_Contabile.xcdatamodeld in Sources */,
				797E9BCD2752F0E8005B4C75 /* Constants.swift in Sources */,
				79470A1F2752F72A006D4E9E /* Optional+String.swift in Sources */,
				799398392781A4920075CC04 /* AccountEntryCell.swift in Sources */,
				7993983F2781A7850075CC04 /* Recurrence.swift in Sources */,
				795499CC279F2E1700160913 /* FetchRequest+byId.swift in Sources */,
				795499BD279D8A0D00160913 /* EntryCategory+CoreDataClass.swift in Sources */,
				79E60CE8271B2DBB0064DD2F /* Gestione_ContabileApp.swift in Sources */,
				795499C8279DD61100160913 /* Subject+CoreDataProperties.swift in Sources */,
				795499C7279DD61100160913 /* Subject+CoreDataClass.swift in Sources */,
				79470A1B2752F6F8006D4E9E /* URLRequest.swift in Sources */,
				795498FE279334D400160913 /* Const+LocalizedKeys.swift in Sources */,
				795499C1279DBAD000160913 /* CategoryView.swift in Sources */,
				79724D162780CDA90009C72C /* Double+currencyString.swift in Sources */,
				79549905279C72F600160913 /* CategoryModel.swift in Sources */,
				79470A162752F1D0006D4E9E /* AccessDetails.swift in Sources */,
				79470A32275410D6006D4E9E /* GBEndpointResponse.swift in Sources */,
				79470A2427538777006D4E9E /* GBAccessTokenResponse.swift in Sources */,
				79470A3027540396006D4E9E /* JWTDecoder.swift in Sources */,
				79E60D25271B86790064DD2F /* Account Entry.swift in Sources */,
				795499C9279DD61100160913 /* SubjectType+CoreDataClass.swift in Sources */,
				79724D1F278121D20009C72C /* WeeklyView.swift in Sources */,
				795498FC27932EEE00160913 /* MainTabView.swift in Sources */,
			);
			runOnlyForDeploymentPostprocessing = 0;
		};
		79E60CF5271B2DBE0064DD2F /* Sources */ = {
			isa = PBXSourcesBuildPhase;
			buildActionMask = 2147483647;
			files = (
				79E60CFE271B2DBE0064DD2F /* Gestione_ContabileTests.swift in Sources */,
				79E60D34271C71B00064DD2F /* GiobbyAuthorizationServiceTests.swift in Sources */,
			);
			runOnlyForDeploymentPostprocessing = 0;
		};
		79E60CFF271B2DBE0064DD2F /* Sources */ = {
			isa = PBXSourcesBuildPhase;
			buildActionMask = 2147483647;
			files = (
				79E60D0A271B2DBE0064DD2F /* Gestione_ContabileUITestsLaunchTests.swift in Sources */,
				79E60D08271B2DBE0064DD2F /* Gestione_ContabileUITests.swift in Sources */,
			);
			runOnlyForDeploymentPostprocessing = 0;
		};
/* End PBXSourcesBuildPhase section */

/* Begin PBXTargetDependency section */
		79E60CFB271B2DBE0064DD2F /* PBXTargetDependency */ = {
			isa = PBXTargetDependency;
			target = 79E60CE3271B2DBB0064DD2F /* Gestione Contabile */;
			targetProxy = 79E60CFA271B2DBE0064DD2F /* PBXContainerItemProxy */;
		};
		79E60D05271B2DBE0064DD2F /* PBXTargetDependency */ = {
			isa = PBXTargetDependency;
			target = 79E60CE3271B2DBB0064DD2F /* Gestione Contabile */;
			targetProxy = 79E60D04271B2DBE0064DD2F /* PBXContainerItemProxy */;
		};
/* End PBXTargetDependency section */

/* Begin PBXVariantGroup section */
		79A26D082787577E001F3E75 /* Localizable.strings */ = {
			isa = PBXVariantGroup;
			children = (
				79A26D072787577E001F3E75 /* en */,
			);
			name = Localizable.strings;
			sourceTree = "<group>";
		};
/* End PBXVariantGroup section */

/* Begin XCBuildConfiguration section */
		79E60D0B271B2DBE0064DD2F /* Debug */ = {
			isa = XCBuildConfiguration;
			buildSettings = {
				ALWAYS_SEARCH_USER_PATHS = NO;
				ARCHS = "$(ARCHS_STANDARD)";
				CLANG_ANALYZER_LOCALIZABILITY_NONLOCALIZED = YES;
				CLANG_ANALYZER_NONNULL = YES;
				CLANG_ANALYZER_NUMBER_OBJECT_CONVERSION = YES_AGGRESSIVE;
				CLANG_CXX_LANGUAGE_STANDARD = "gnu++17";
				CLANG_CXX_LIBRARY = "libc++";
				CLANG_ENABLE_MODULES = YES;
				CLANG_ENABLE_OBJC_ARC = YES;
				CLANG_ENABLE_OBJC_WEAK = YES;
				CLANG_WARN_BLOCK_CAPTURE_AUTORELEASING = YES;
				CLANG_WARN_BOOL_CONVERSION = YES;
				CLANG_WARN_COMMA = YES;
				CLANG_WARN_CONSTANT_CONVERSION = YES;
				CLANG_WARN_DEPRECATED_OBJC_IMPLEMENTATIONS = YES;
				CLANG_WARN_DIRECT_OBJC_ISA_USAGE = YES_ERROR;
				CLANG_WARN_DOCUMENTATION_COMMENTS = YES;
				CLANG_WARN_EMPTY_BODY = YES;
				CLANG_WARN_ENUM_CONVERSION = YES;
				CLANG_WARN_INFINITE_RECURSION = YES;
				CLANG_WARN_INT_CONVERSION = YES;
				CLANG_WARN_NON_LITERAL_NULL_CONVERSION = YES;
				CLANG_WARN_OBJC_IMPLICIT_RETAIN_SELF = YES;
				CLANG_WARN_OBJC_LITERAL_CONVERSION = YES;
				CLANG_WARN_OBJC_ROOT_CLASS = YES_ERROR;
				CLANG_WARN_QUOTED_INCLUDE_IN_FRAMEWORK_HEADER = YES;
				CLANG_WARN_RANGE_LOOP_ANALYSIS = YES;
				CLANG_WARN_STRICT_PROTOTYPES = YES;
				CLANG_WARN_SUSPICIOUS_MOVE = YES;
				CLANG_WARN_UNGUARDED_AVAILABILITY = YES_AGGRESSIVE;
				CLANG_WARN_UNREACHABLE_CODE = YES;
				CLANG_WARN__DUPLICATE_METHOD_MATCH = YES;
				COPY_PHASE_STRIP = NO;
				DEBUG_INFORMATION_FORMAT = dwarf;
				ENABLE_STRICT_OBJC_MSGSEND = YES;
				ENABLE_TESTABILITY = YES;
				GCC_C_LANGUAGE_STANDARD = gnu11;
				GCC_DYNAMIC_NO_PIC = NO;
				GCC_NO_COMMON_BLOCKS = YES;
				GCC_OPTIMIZATION_LEVEL = 0;
				GCC_PREPROCESSOR_DEFINITIONS = (
					"DEBUG=1",
					"$(inherited)",
				);
				GCC_WARN_64_TO_32_BIT_CONVERSION = YES;
				GCC_WARN_ABOUT_RETURN_TYPE = YES_ERROR;
				GCC_WARN_UNDECLARED_SELECTOR = YES;
				GCC_WARN_UNINITIALIZED_AUTOS = YES_AGGRESSIVE;
				GCC_WARN_UNUSED_FUNCTION = YES;
				GCC_WARN_UNUSED_VARIABLE = YES;
				IPHONEOS_DEPLOYMENT_TARGET = 15.0;
				MTL_ENABLE_DEBUG_INFO = INCLUDE_SOURCE;
				MTL_FAST_MATH = YES;
				ONLY_ACTIVE_ARCH = YES;
				SDKROOT = iphoneos;
				SWIFT_ACTIVE_COMPILATION_CONDITIONS = DEBUG;
				SWIFT_OPTIMIZATION_LEVEL = "-Onone";
			};
			name = Debug;
		};
		79E60D0C271B2DBE0064DD2F /* Release */ = {
			isa = XCBuildConfiguration;
			buildSettings = {
				ALWAYS_SEARCH_USER_PATHS = NO;
				ARCHS = "$(ARCHS_STANDARD)";
				CLANG_ANALYZER_LOCALIZABILITY_NONLOCALIZED = YES;
				CLANG_ANALYZER_NONNULL = YES;
				CLANG_ANALYZER_NUMBER_OBJECT_CONVERSION = YES_AGGRESSIVE;
				CLANG_CXX_LANGUAGE_STANDARD = "gnu++17";
				CLANG_CXX_LIBRARY = "libc++";
				CLANG_ENABLE_MODULES = YES;
				CLANG_ENABLE_OBJC_ARC = YES;
				CLANG_ENABLE_OBJC_WEAK = YES;
				CLANG_WARN_BLOCK_CAPTURE_AUTORELEASING = YES;
				CLANG_WARN_BOOL_CONVERSION = YES;
				CLANG_WARN_COMMA = YES;
				CLANG_WARN_CONSTANT_CONVERSION = YES;
				CLANG_WARN_DEPRECATED_OBJC_IMPLEMENTATIONS = YES;
				CLANG_WARN_DIRECT_OBJC_ISA_USAGE = YES_ERROR;
				CLANG_WARN_DOCUMENTATION_COMMENTS = YES;
				CLANG_WARN_EMPTY_BODY = YES;
				CLANG_WARN_ENUM_CONVERSION = YES;
				CLANG_WARN_INFINITE_RECURSION = YES;
				CLANG_WARN_INT_CONVERSION = YES;
				CLANG_WARN_NON_LITERAL_NULL_CONVERSION = YES;
				CLANG_WARN_OBJC_IMPLICIT_RETAIN_SELF = YES;
				CLANG_WARN_OBJC_LITERAL_CONVERSION = YES;
				CLANG_WARN_OBJC_ROOT_CLASS = YES_ERROR;
				CLANG_WARN_QUOTED_INCLUDE_IN_FRAMEWORK_HEADER = YES;
				CLANG_WARN_RANGE_LOOP_ANALYSIS = YES;
				CLANG_WARN_STRICT_PROTOTYPES = YES;
				CLANG_WARN_SUSPICIOUS_MOVE = YES;
				CLANG_WARN_UNGUARDED_AVAILABILITY = YES_AGGRESSIVE;
				CLANG_WARN_UNREACHABLE_CODE = YES;
				CLANG_WARN__DUPLICATE_METHOD_MATCH = YES;
				COPY_PHASE_STRIP = NO;
				DEBUG_INFORMATION_FORMAT = "dwarf-with-dsym";
				ENABLE_NS_ASSERTIONS = NO;
				ENABLE_STRICT_OBJC_MSGSEND = YES;
				GCC_C_LANGUAGE_STANDARD = gnu11;
				GCC_NO_COMMON_BLOCKS = YES;
				GCC_WARN_64_TO_32_BIT_CONVERSION = YES;
				GCC_WARN_ABOUT_RETURN_TYPE = YES_ERROR;
				GCC_WARN_UNDECLARED_SELECTOR = YES;
				GCC_WARN_UNINITIALIZED_AUTOS = YES_AGGRESSIVE;
				GCC_WARN_UNUSED_FUNCTION = YES;
				GCC_WARN_UNUSED_VARIABLE = YES;
				IPHONEOS_DEPLOYMENT_TARGET = 15.0;
				MTL_ENABLE_DEBUG_INFO = NO;
				MTL_FAST_MATH = YES;
				ONLY_ACTIVE_ARCH = YES;
				SDKROOT = iphoneos;
				SWIFT_COMPILATION_MODE = wholemodule;
				SWIFT_OPTIMIZATION_LEVEL = "-O";
				VALIDATE_PRODUCT = YES;
			};
			name = Release;
		};
		79E60D0E271B2DBE0064DD2F /* Debug */ = {
			isa = XCBuildConfiguration;
			buildSettings = {
				ARCHS = "$(ARCHS_STANDARD)";
				ASSETCATALOG_COMPILER_APPICON_NAME = AppIcon;
				ASSETCATALOG_COMPILER_GLOBAL_ACCENT_COLOR_NAME = AccentColor;
				CODE_SIGN_STYLE = Automatic;
				CURRENT_PROJECT_VERSION = 1;
				DEVELOPMENT_ASSET_PATHS = "\"Gestione Contabile/Preview Content\"";
				DEVELOPMENT_TEAM = YY7XZ88R9G;
				ENABLE_PREVIEWS = YES;
				GENERATE_INFOPLIST_FILE = YES;
				INFOPLIST_KEY_UIApplicationSceneManifest_Generation = YES;
				INFOPLIST_KEY_UIApplicationSupportsIndirectInputEvents = YES;
				INFOPLIST_KEY_UILaunchScreen_Generation = YES;
				INFOPLIST_KEY_UISupportedInterfaceOrientations_iPad = "UIInterfaceOrientationPortrait UIInterfaceOrientationPortraitUpsideDown UIInterfaceOrientationLandscapeLeft UIInterfaceOrientationLandscapeRight";
				INFOPLIST_KEY_UISupportedInterfaceOrientations_iPhone = "UIInterfaceOrientationPortrait UIInterfaceOrientationLandscapeLeft UIInterfaceOrientationLandscapeRight";
				IPHONEOS_DEPLOYMENT_TARGET = 15.0;
				LD_RUNPATH_SEARCH_PATHS = (
					"$(inherited)",
					"@executable_path/Frameworks",
				);
				MARKETING_VERSION = 1.0;
				PRODUCT_BUNDLE_IDENTIFIER = "com.angelosannino.Gestione-Contabile";
				PRODUCT_NAME = "$(TARGET_NAME)";
				SWIFT_EMIT_LOC_STRINGS = YES;
				SWIFT_VERSION = 5.0;
				TARGETED_DEVICE_FAMILY = "1,2";
			};
			name = Debug;
		};
		79E60D0F271B2DBE0064DD2F /* Release */ = {
			isa = XCBuildConfiguration;
			buildSettings = {
				ARCHS = "$(ARCHS_STANDARD)";
				ASSETCATALOG_COMPILER_APPICON_NAME = AppIcon;
				ASSETCATALOG_COMPILER_GLOBAL_ACCENT_COLOR_NAME = AccentColor;
				CODE_SIGN_STYLE = Automatic;
				CURRENT_PROJECT_VERSION = 1;
				DEVELOPMENT_ASSET_PATHS = "\"Gestione Contabile/Preview Content\"";
				DEVELOPMENT_TEAM = YY7XZ88R9G;
				ENABLE_PREVIEWS = YES;
				GENERATE_INFOPLIST_FILE = YES;
				INFOPLIST_KEY_UIApplicationSceneManifest_Generation = YES;
				INFOPLIST_KEY_UIApplicationSupportsIndirectInputEvents = YES;
				INFOPLIST_KEY_UILaunchScreen_Generation = YES;
				INFOPLIST_KEY_UISupportedInterfaceOrientations_iPad = "UIInterfaceOrientationPortrait UIInterfaceOrientationPortraitUpsideDown UIInterfaceOrientationLandscapeLeft UIInterfaceOrientationLandscapeRight";
				INFOPLIST_KEY_UISupportedInterfaceOrientations_iPhone = "UIInterfaceOrientationPortrait UIInterfaceOrientationLandscapeLeft UIInterfaceOrientationLandscapeRight";
				IPHONEOS_DEPLOYMENT_TARGET = 15.0;
				LD_RUNPATH_SEARCH_PATHS = (
					"$(inherited)",
					"@executable_path/Frameworks",
				);
				MARKETING_VERSION = 1.0;
				PRODUCT_BUNDLE_IDENTIFIER = "com.angelosannino.Gestione-Contabile";
				PRODUCT_NAME = "$(TARGET_NAME)";
				SWIFT_EMIT_LOC_STRINGS = YES;
				SWIFT_VERSION = 5.0;
				TARGETED_DEVICE_FAMILY = "1,2";
			};
			name = Release;
		};
		79E60D11271B2DBE0064DD2F /* Debug */ = {
			isa = XCBuildConfiguration;
			buildSettings = {
				ALWAYS_EMBED_SWIFT_STANDARD_LIBRARIES = YES;
				BUNDLE_LOADER = "$(TEST_HOST)";
				CODE_SIGN_STYLE = Automatic;
				CURRENT_PROJECT_VERSION = 1;
				DEVELOPMENT_TEAM = YY7XZ88R9G;
				GENERATE_INFOPLIST_FILE = YES;
				IPHONEOS_DEPLOYMENT_TARGET = 15.0;
				LD_RUNPATH_SEARCH_PATHS = (
					"$(inherited)",
					"@executable_path/Frameworks",
					"@loader_path/Frameworks",
				);
				MARKETING_VERSION = 1.0;
				PRODUCT_BUNDLE_IDENTIFIER = "com.angelosannino.Gestione-ContabileTests";
				PRODUCT_NAME = "$(TARGET_NAME)";
				SWIFT_EMIT_LOC_STRINGS = NO;
				SWIFT_VERSION = 5.0;
				TARGETED_DEVICE_FAMILY = "1,2";
				TEST_HOST = "$(BUILT_PRODUCTS_DIR)/Gestione Contabile.app/Gestione Contabile";
			};
			name = Debug;
		};
		79E60D12271B2DBE0064DD2F /* Release */ = {
			isa = XCBuildConfiguration;
			buildSettings = {
				ALWAYS_EMBED_SWIFT_STANDARD_LIBRARIES = YES;
				BUNDLE_LOADER = "$(TEST_HOST)";
				CODE_SIGN_STYLE = Automatic;
				CURRENT_PROJECT_VERSION = 1;
				DEVELOPMENT_TEAM = YY7XZ88R9G;
				GENERATE_INFOPLIST_FILE = YES;
				IPHONEOS_DEPLOYMENT_TARGET = 15.0;
				LD_RUNPATH_SEARCH_PATHS = (
					"$(inherited)",
					"@executable_path/Frameworks",
					"@loader_path/Frameworks",
				);
				MARKETING_VERSION = 1.0;
				PRODUCT_BUNDLE_IDENTIFIER = "com.angelosannino.Gestione-ContabileTests";
				PRODUCT_NAME = "$(TARGET_NAME)";
				SWIFT_EMIT_LOC_STRINGS = NO;
				SWIFT_VERSION = 5.0;
				TARGETED_DEVICE_FAMILY = "1,2";
				TEST_HOST = "$(BUILT_PRODUCTS_DIR)/Gestione Contabile.app/Gestione Contabile";
			};
			name = Release;
		};
		79E60D14271B2DBE0064DD2F /* Debug */ = {
			isa = XCBuildConfiguration;
			buildSettings = {
				ALWAYS_EMBED_SWIFT_STANDARD_LIBRARIES = YES;
				CODE_SIGN_STYLE = Automatic;
				CURRENT_PROJECT_VERSION = 1;
				DEVELOPMENT_TEAM = YY7XZ88R9G;
				GENERATE_INFOPLIST_FILE = YES;
				LD_RUNPATH_SEARCH_PATHS = (
					"$(inherited)",
					"@executable_path/Frameworks",
					"@loader_path/Frameworks",
				);
				MARKETING_VERSION = 1.0;
				PRODUCT_BUNDLE_IDENTIFIER = "com.angelosannino.Gestione-ContabileUITests";
				PRODUCT_NAME = "$(TARGET_NAME)";
				SWIFT_EMIT_LOC_STRINGS = NO;
				SWIFT_VERSION = 5.0;
				TARGETED_DEVICE_FAMILY = "1,2";
				TEST_TARGET_NAME = "Gestione Contabile";
			};
			name = Debug;
		};
		79E60D15271B2DBE0064DD2F /* Release */ = {
			isa = XCBuildConfiguration;
			buildSettings = {
				ALWAYS_EMBED_SWIFT_STANDARD_LIBRARIES = YES;
				CODE_SIGN_STYLE = Automatic;
				CURRENT_PROJECT_VERSION = 1;
				DEVELOPMENT_TEAM = YY7XZ88R9G;
				GENERATE_INFOPLIST_FILE = YES;
				LD_RUNPATH_SEARCH_PATHS = (
					"$(inherited)",
					"@executable_path/Frameworks",
					"@loader_path/Frameworks",
				);
				MARKETING_VERSION = 1.0;
				PRODUCT_BUNDLE_IDENTIFIER = "com.angelosannino.Gestione-ContabileUITests";
				PRODUCT_NAME = "$(TARGET_NAME)";
				SWIFT_EMIT_LOC_STRINGS = NO;
				SWIFT_VERSION = 5.0;
				TARGETED_DEVICE_FAMILY = "1,2";
				TEST_TARGET_NAME = "Gestione Contabile";
			};
			name = Release;
		};
/* End XCBuildConfiguration section */

/* Begin XCConfigurationList section */
		79E60CDF271B2DBB0064DD2F /* Build configuration list for PBXProject "Gestione Contabile" */ = {
			isa = XCConfigurationList;
			buildConfigurations = (
				79E60D0B271B2DBE0064DD2F /* Debug */,
				79E60D0C271B2DBE0064DD2F /* Release */,
			);
			defaultConfigurationIsVisible = 0;
			defaultConfigurationName = Release;
		};
		79E60D0D271B2DBE0064DD2F /* Build configuration list for PBXNativeTarget "Gestione Contabile" */ = {
			isa = XCConfigurationList;
			buildConfigurations = (
				79E60D0E271B2DBE0064DD2F /* Debug */,
				79E60D0F271B2DBE0064DD2F /* Release */,
			);
			defaultConfigurationIsVisible = 0;
			defaultConfigurationName = Release;
		};
		79E60D10271B2DBE0064DD2F /* Build configuration list for PBXNativeTarget "Gestione ContabileTests" */ = {
			isa = XCConfigurationList;
			buildConfigurations = (
				79E60D11271B2DBE0064DD2F /* Debug */,
				79E60D12271B2DBE0064DD2F /* Release */,
			);
			defaultConfigurationIsVisible = 0;
			defaultConfigurationName = Release;
		};
		79E60D13271B2DBE0064DD2F /* Build configuration list for PBXNativeTarget "Gestione ContabileUITests" */ = {
			isa = XCConfigurationList;
			buildConfigurations = (
				79E60D14271B2DBE0064DD2F /* Debug */,
				79E60D15271B2DBE0064DD2F /* Release */,
			);
			defaultConfigurationIsVisible = 0;
			defaultConfigurationName = Release;
		};
/* End XCConfigurationList section */

/* Begin XCVersionGroup section */
		79E60CF2271B2DBE0064DD2F /* Gestione_Contabile.xcdatamodeld */ = {
			isa = XCVersionGroup;
			children = (
				79E60CF3271B2DBE0064DD2F /* Gestione_Contabile.xcdatamodel */,
			);
			currentVersion = 79E60CF3271B2DBE0064DD2F /* Gestione_Contabile.xcdatamodel */;
			path = Gestione_Contabile.xcdatamodeld;
			sourceTree = "<group>";
			versionGroupType = wrapper.xcdatamodel;
		};
/* End XCVersionGroup section */
	};
	rootObject = 79E60CDC271B2DBB0064DD2F /* Project object */;
}
